
Microsoft Visual Studio Solution File, Format Version 12.00
# Visual Studio Version 17
VisualStudioVersion = 17.9.34723.18
MinimumVisualStudioVersion = 10.0.40219.1
Project("{FAE04EC0-301F-11D3-BF4B-00C04F79EFBC}") = "ktigses6api", "ktigses6api.csproj", "{27A6BD82-E0BE-4F1F-8345-DDCC7FB9D5B2}"
EndProject
Global
	GlobalSection(SolutionConfigurationPlatforms) = preSolution
		Debug|Any CPU = Debug|Any CPU
		Release|Any CPU = Release|Any CPU
	EndGlobalSection
	GlobalSection(ProjectConfigurationPlatforms) = postSolution
		{27A6BD82-E0BE-4F1F-8345-DDCC7FB9D5B2}.Debug|Any CPU.ActiveCfg = Debug|Any CPU
		{27A6BD82-E0BE-4F1F-8345-DDCC7FB9D5B2}.Debug|Any CPU.Build.0 = Debug|Any CPU
		{27A6BD82-E0BE-4F1F-8345-DDCC7FB9D5B2}.Debug|Any CPU.Deploy.0 = Debug|Any CPU
		{27A6BD82-E0BE-4F1F-8345-DDCC7FB9D5B2}.Release|Any CPU.ActiveCfg = Release|Any CPU
		{27A6BD82-E0BE-4F1F-8345-DDCC7FB9D5B2}.Release|Any CPU.Build.0 = Release|Any CPU
		{27A6BD82-E0BE-4F1F-8345-DDCC7FB9D5B2}.Release|Any CPU.Deploy.0 = Release|Any CPU
	EndGlobalSection
	GlobalSection(SolutionProperties) = preSolution
		HideSolutionNode = FALSE
	EndGlobalSection
	GlobalSection(ExtensibilityGlobals) = postSolution
		SolutionGuid = {B2D74858-6031-4504-9A45-9B2BD8C6EE0A}
	EndGlobalSection
EndGlobal
